
Microsoft Visual Studio Solution File, Format Version 12.00
# Visual Studio Version 16
VisualStudioVersion = 16.0.31205.134
MinimumVisualStudioVersion = 10.0.40219.1
Project("{FAE04EC0-301F-11D3-BF4B-00C04F79EFBC}") = "MyBookLibrary", "MyBookLibrary\MyBookLibrary.csproj", "{8CD0205A-306D-4AB6-BD72-5E3D9BF11CBC}"
EndProject
Project("{FAE04EC0-301F-11D3-BF4B-00C04F79EFBC}") = "Assignment02", "Assignment02\Assignment02.csproj", "{9EA55924-DF2B-4120-A6FC-D37A1F431FA5}"
EndProject
Global
	GlobalSection(SolutionConfigurationPlatforms) = preSolution
		Debug|Any CPU = Debug|Any CPU
		Release|Any CPU = Release|Any CPU
	EndGlobalSection
	GlobalSection(ProjectConfigurationPlatforms) = postSolution
		{8CD0205A-306D-4AB6-BD72-5E3D9BF11CBC}.Debug|Any CPU.ActiveCfg = Debug|Any CPU
		{8CD0205A-306D-4AB6-BD72-5E3D9BF11CBC}.Debug|Any CPU.Build.0 = Debug|Any CPU
		{8CD0205A-306D-4AB6-BD72-5E3D9BF11CBC}.Release|Any CPU.ActiveCfg = Release|Any CPU
		{8CD0205A-306D-4AB6-BD72-5E3D9BF11CBC}.Release|Any CPU.Build.0 = Release|Any CPU
		{9EA55924-DF2B-4120-A6FC-D37A1F431FA5}.Debug|Any CPU.ActiveCfg = Debug|Any CPU
		{9EA55924-DF2B-4120-A6FC-D37A1F431FA5}.Debug|Any CPU.Build.0 = Debug|Any CPU
		{9EA55924-DF2B-4120-A6FC-D37A1F431FA5}.Release|Any CPU.ActiveCfg = Release|Any CPU
		{9EA55924-DF2B-4120-A6FC-D37A1F431FA5}.Release|Any CPU.Build.0 = Release|Any CPU
	EndGlobalSection
	GlobalSection(SolutionProperties) = preSolution
		HideSolutionNode = FALSE
	EndGlobalSection
	GlobalSection(ExtensibilityGlobals) = postSolution
		SolutionGuid = {57FC8F5B-9DE4-467E-A7ED-69BB0CB905FA}
	EndGlobalSection
EndGlobal
